
Microsoft Visual Studio Solution File, Format Version 12.00
# Visual Studio Version 18
VisualStudioVersion = 18.2.11415.280
MinimumVisualStudioVersion = 10.0.40219.1
Project("{9A19103F-16F7-4668-BE54-9A1E7A4F7556}") = "ParserCore.Tests", "ParserCore.Tests\ParserCore.Tests.csproj", "{2BD5279D-2994-41AE-B09B-93583AFD645F}"
EndProject
Project("{FAE04EC0-301F-11D3-BF4B-00C04F79EFBC}") = "ParserApp", "ParserApp\ParserApp.csproj", "{5F30766D-C6EF-4D48-81D2-DC1949AD040A}"
EndProject
Project("{9A19103F-16F7-4668-BE54-9A1E7A4F7556}") = "ParserCore", "ParserCore\ParserCore.csproj", "{5B5EC9B0-5AC2-40D8-AC02-3E8660F05281}"
EndProject
Project("{2150E333-8FDC-42A3-9474-1A3956D46DE8}") = "Items", "Items", "{92C05E13-DD15-4BEB-A6DE-84466AD2C656}"
	ProjectSection(SolutionItems) = preProject
		Directory.Packages.props = Directory.Packages.props
	EndProjectSection
EndProject
Global
	GlobalSection(SolutionConfigurationPlatforms) = preSolution
		Debug|Any CPU = Debug|Any CPU
		Release|Any CPU = Release|Any CPU
	EndGlobalSection
	GlobalSection(ProjectConfigurationPlatforms) = postSolution
		{2BD5279D-2994-41AE-B09B-93583AFD645F}.Debug|Any CPU.ActiveCfg = Debug|Any CPU
		{2BD5279D-2994-41AE-B09B-93583AFD645F}.Debug|Any CPU.Build.0 = Debug|Any CPU
		{2BD5279D-2994-41AE-B09B-93583AFD645F}.Release|Any CPU.ActiveCfg = Release|Any CPU
		{2BD5279D-2994-41AE-B09B-93583AFD645F}.Release|Any CPU.Build.0 = Release|Any CPU
		{5F30766D-C6EF-4D48-81D2-DC1949AD040A}.Debug|Any CPU.ActiveCfg = Debug|Any CPU
		{5F30766D-C6EF-4D48-81D2-DC1949AD040A}.Debug|Any CPU.Build.0 = Debug|Any CPU
		{5F30766D-C6EF-4D48-81D2-DC1949AD040A}.Release|Any CPU.ActiveCfg = Release|Any CPU
		{5F30766D-C6EF-4D48-81D2-DC1949AD040A}.Release|Any CPU.Build.0 = Release|Any CPU
		{5B5EC9B0-5AC2-40D8-AC02-3E8660F05281}.Debug|Any CPU.ActiveCfg = Debug|Any CPU
		{5B5EC9B0-5AC2-40D8-AC02-3E8660F05281}.Debug|Any CPU.Build.0 = Debug|Any CPU
		{5B5EC9B0-5AC2-40D8-AC02-3E8660F05281}.Release|Any CPU.ActiveCfg = Release|Any CPU
		{5B5EC9B0-5AC2-40D8-AC02-3E8660F05281}.Release|Any CPU.Build.0 = Release|Any CPU
	EndGlobalSection
	GlobalSection(SolutionProperties) = preSolution
		HideSolutionNode = FALSE
	EndGlobalSection
	GlobalSection(ExtensibilityGlobals) = postSolution
		SolutionGuid = {59724441-34E5-4BC7-98C7-43702CBE7DEC}
	EndGlobalSection
EndGlobal
